
Microsoft Visual Studio Solution File, Format Version 12.00
# Visual Studio Version 16
VisualStudioVersion = 16.0.30804.86
MinimumVisualStudioVersion = 10.0.40219.1
Project("{FAE04EC0-301F-11D3-BF4B-00C04F79EFBC}") = "Task2_MakarovDV", "Task2_MakarovDV\Task2_MakarovDV.csproj", "{A9197EEB-262C-42E0-9B2D-CC7418BC8AA9}"
EndProject
Global
	GlobalSection(SolutionConfigurationPlatforms) = preSolution
		Debug|Any CPU = Debug|Any CPU
		Release|Any CPU = Release|Any CPU
	EndGlobalSection
	GlobalSection(ProjectConfigurationPlatforms) = postSolution
		{A9197EEB-262C-42E0-9B2D-CC7418BC8AA9}.Debug|Any CPU.ActiveCfg = Debug|Any CPU
		{A9197EEB-262C-42E0-9B2D-CC7418BC8AA9}.Debug|Any CPU.Build.0 = Debug|Any CPU
		{A9197EEB-262C-42E0-9B2D-CC7418BC8AA9}.Release|Any CPU.ActiveCfg = Release|Any CPU
		{A9197EEB-262C-42E0-9B2D-CC7418BC8AA9}.Release|Any CPU.Build.0 = Release|Any CPU
	EndGlobalSection
	GlobalSection(SolutionProperties) = preSolution
		HideSolutionNode = FALSE
	EndGlobalSection
	GlobalSection(ExtensibilityGlobals) = postSolution
		SolutionGuid = {276D57AC-EB15-4E53-A07E-79FED73A80F4}
	EndGlobalSection
EndGlobal
